
Microsoft Visual Studio Solution File, Format Version 12.00
# Visual Studio Version 17
VisualStudioVersion = 17.9.34728.123
MinimumVisualStudioVersion = 10.0.40219.1
Project("{FAE04EC0-301F-11D3-BF4B-00C04F79EFBC}") = "Penztar", "Penztar.csproj", "{73120568-3DEB-425E-BD8B-66D77C98BE55}"
EndProject
Global
	GlobalSection(SolutionConfigurationPlatforms) = preSolution
		Debug|Any CPU = Debug|Any CPU
		Release|Any CPU = Release|Any CPU
	EndGlobalSection
	GlobalSection(ProjectConfigurationPlatforms) = postSolution
		{73120568-3DEB-425E-BD8B-66D77C98BE55}.Debug|Any CPU.ActiveCfg = Debug|Any CPU
		{73120568-3DEB-425E-BD8B-66D77C98BE55}.Debug|Any CPU.Build.0 = Debug|Any CPU
		{73120568-3DEB-425E-BD8B-66D77C98BE55}.Release|Any CPU.ActiveCfg = Release|Any CPU
		{73120568-3DEB-425E-BD8B-66D77C98BE55}.Release|Any CPU.Build.0 = Release|Any CPU
	EndGlobalSection
	GlobalSection(SolutionProperties) = preSolution
		HideSolutionNode = FALSE
	EndGlobalSection
	GlobalSection(ExtensibilityGlobals) = postSolution
		SolutionGuid = {888590ED-0094-4341-8266-D294DF2964F7}
	EndGlobalSection
EndGlobal
